
Microsoft Visual Studio Solution File, Format Version 12.00
# Visual Studio Version 16
VisualStudioVersion = 16.0.30717.126
MinimumVisualStudioVersion = 10.0.40219.1
Project("{FAE04EC0-301F-11D3-BF4B-00C04F79EFBC}") = "Seregich", "Seregich\Seregich.csproj", "{4DD1FD96-12F5-4687-BAD5-C539B32C9BF7}"
EndProject
Global
	GlobalSection(SolutionConfigurationPlatforms) = preSolution
		Debug|Any CPU = Debug|Any CPU
		Release|Any CPU = Release|Any CPU
	EndGlobalSection
	GlobalSection(ProjectConfigurationPlatforms) = postSolution
		{4DD1FD96-12F5-4687-BAD5-C539B32C9BF7}.Debug|Any CPU.ActiveCfg = Debug|Any CPU
		{4DD1FD96-12F5-4687-BAD5-C539B32C9BF7}.Debug|Any CPU.Build.0 = Debug|Any CPU
		{4DD1FD96-12F5-4687-BAD5-C539B32C9BF7}.Release|Any CPU.ActiveCfg = Release|Any CPU
		{4DD1FD96-12F5-4687-BAD5-C539B32C9BF7}.Release|Any CPU.Build.0 = Release|Any CPU
	EndGlobalSection
	GlobalSection(SolutionProperties) = preSolution
		HideSolutionNode = FALSE
	EndGlobalSection
	GlobalSection(ExtensibilityGlobals) = postSolution
		SolutionGuid = {6DCC6EFB-3BFA-49CC-BD63-549E8032278F}
	EndGlobalSection
EndGlobal
